# THIS IS AN AUTOGENERATED FILE. DO NOT EDIT THIS FILE DIRECTLY.
# yarn lockfile v1


"@react-hook/async@^3.1.1":
  version "3.1.1"
  resolved "https://registry.yarnpkg.com/@react-hook/async/-/async-3.1.1.tgz#c3cd06648fa5e6d209e9372940c806adb8462975"
  integrity sha512-C9KoDSIjhmVwm6jXPnWfVqqrdPvqOnvUrkUStkUUODV4F1GfNlyVdmYx/54HsgMlham61xEF6UvScqiLTaHYeQ==
  dependencies:
    "@react-hook/latest" "^1.0.2"

"@react-hook/latest@^1.0.2":
  version "1.0.3"
  resolved "https://registry.yarnpkg.com/@react-hook/latest/-/latest-1.0.3.tgz#c2d1d0b0af8b69ec6e2b3a2412ba0768ac82db80"
  integrity sha512-dy6duzl+JnAZcDbNTfmaP3xHiKtbXYOaz3G51MGVljh548Y8MWzTr+PHLOfvpypEVW9zwvl+VyKjbWKEVbV1Rg==

react-async-hook@^4.0.0:
  version "4.0.0"
  resolved "https://registry.yarnpkg.com/react-async-hook/-/react-async-hook-4.0.0.tgz#1f0467586654e1f33b7433bd98c300a0c5f9b3d0"
  integrity sha512-97lgjFkOcHCTYSrsKBpsXg3iVWM0LnzedB749iP76sb3/8Ouu4nHIkCLEOrQWHVYqrYxjF05NN6GHoXWFkB3Kw==

react-hook-form@^7.43.0:
  version "7.43.0"
  resolved "https://registry.yarnpkg.com/react-hook-form/-/react-hook-form-7.43.0.tgz#d0c19b5c4ec561fbf8d652869ccb513c11c772e7"
  integrity sha512-/rVEz7T0gLdSFwPqutJ1kn2e0sQNyb9ci/hmwEYr2YG0KF/LSuRLvNrf9QWJM+gj88CjDpDW5Bh/1AD7B2+z9Q==
